
Microsoft Visual Studio Solution File, Format Version 12.00
# Visual Studio 15
VisualStudioVersion = 15.0.28010.2041
MinimumVisualStudioVersion = 10.0.40219.1
Project("{FAE04EC0-301F-11D3-BF4B-00C04F79EFBC}") = "AwesomeDB_Test", "AwesomeDB_Test\AwesomeDB_Test.csproj", "{675561A1-E1C9-4442-97D4-42AF469B5663}"
EndProject
Global
	GlobalSection(SolutionConfigurationPlatforms) = preSolution
		Debug|Any CPU = Debug|Any CPU
		Release|Any CPU = Release|Any CPU
	EndGlobalSection
	GlobalSection(ProjectConfigurationPlatforms) = postSolution
		{675561A1-E1C9-4442-97D4-42AF469B5663}.Debug|Any CPU.ActiveCfg = Debug|Any CPU
		{675561A1-E1C9-4442-97D4-42AF469B5663}.Debug|Any CPU.Build.0 = Debug|Any CPU
		{675561A1-E1C9-4442-97D4-42AF469B5663}.Release|Any CPU.ActiveCfg = Release|Any CPU
		{675561A1-E1C9-4442-97D4-42AF469B5663}.Release|Any CPU.Build.0 = Release|Any CPU
	EndGlobalSection
	GlobalSection(SolutionProperties) = preSolution
		HideSolutionNode = FALSE
	EndGlobalSection
	GlobalSection(ExtensibilityGlobals) = postSolution
		SolutionGuid = {9FCEE8FB-008A-445B-990A-4A5043D89BD2}
	EndGlobalSection
EndGlobal
